{
  "nodes": {
    "nixpkgs": {
      "locked": {
        "dirtyRev": "2c02b18a414d1330e08196df5d0383f9b29b48cc-dirty",
        "dirtyShortRev": "2c02b18a414d-dirty",
        "lastModified": 1706161851,
        "narHash": "sha256-bcVFTFJ7h5eY5IawVNCXcaSEK6p9PsuuES+I+0tt7ls=",
        "type": "git",
        "url": "file:///home/liam/nixpkgs"
      },
      "original": {
        "type": "git",
        "url": "file:///home/liam/nixpkgs"
      }
    },
    "root": {
      "inputs": {
        "nixpkgs": "nixpkgs"
      }
    }
  },
  "root": "root",
  "version": 7
}
