{
  "nodes": {
    "nixpkgs": {
      "locked": {
        "dirtyRev": "0cd4d2497596eeb3e5fee4559c51b82b4b67a0c0-dirty",
        "dirtyShortRev": "0cd4d2497596-dirty",
        "lastModified": 1708284598,
        "narHash": "sha256-TuE6SU4623l96JaRTf28i5jcdbTJKTgw2P/q/JyOlUo=",
        "type": "git",
        "url": "file:///Users/liammurphy/Projects/nixpkgs"
      },
      "original": {
        "type": "git",
        "url": "file:///Users/liammurphy/Projects/nixpkgs"
      }
    },
    "root": {
      "inputs": {
        "nixpkgs": "nixpkgs"
      }
    }
  },
  "root": "root",
  "version": 7
}
