{
  "nodes": {
    "nixpkgs": {
      "locked": {
        "lastModified": 1714946845,
        "narHash": "sha256-75xKTCDyw7MgrfmSWh2FSC7O514DDln9x35PxdQORqY=",
        "owner": "liam-murphy14",
        "repo": "nixpkgs",
        "rev": "d2fc8005c49e71b73955582475286910a3fe12f4",
        "type": "github"
      },
      "original": {
        "owner": "liam-murphy14",
        "ref": "housefire-merge",
        "repo": "nixpkgs",
        "type": "github"
      }
    },
    "root": {
      "inputs": {
        "nixpkgs": "nixpkgs"
      }
    }
  },
  "root": "root",
  "version": 7
}
